{
  "object": {
    "pins": [
      {
        "package": "SQLiteORM",
        "repositoryURL": "https://github.com/fnc12/sqlite-orm-swift",
        "state": {
          "branch": "master",
          "revision": "bd100b662de6f0cf05e4d5df03a947cc7a0d555b",
          "version": null
        }
      }
    ]
  },
  "version": 1
}
