{
  "object": {
    "pins": [
      {
        "package": "SQLiteORM",
        "repositoryURL": "https://github.com/fnc12/sqlite-orm-swift",
        "state": {
          "branch": "master",
          "revision": "f8af865f7097a0b4baa722e03329ee59a9d1a981",
          "version": null
        }
      }
    ]
  },
  "version": 1
}
