{
  "object": {
    "pins": [
      {
        "package": "SQLiteORM",
        "repositoryURL": "https://github.com/fnc12/sqlite-orm-swift",
        "state": {
          "branch": "master",
          "revision": "e79cecfd5bad59728ec811ea8cd4cc52bcbbfdc3",
          "version": null
        }
      }
    ]
  },
  "version": 1
}
