// !$*UTF8*$!
{
	archiveVersion = 1;
	classes = {
	};
	objectVersion = 50;
	objects = {

/* Begin PBXBuildFile section */
		E947206326E5DF3200B1F164 /* libSqliteOrmSwift.a in Frameworks */ = {isa = PBXBuildFile; fileRef = E9B91FF726E5D8860002ADE3 /* libSqliteOrmSwift.a */; };
/* End PBXBuildFile section */

/* Begin PBXContainerItemProxy section */
		E947206426E5DF4000B1F164 /* PBXContainerItemProxy */ = {
			isa = PBXContainerItemProxy;
			containerPortal = E9037C6826DEA0D5009412E2 /* Project object */;
			proxyType = 1;
			remoteGlobalIDString = E9B91FF626E5D8860002ADE3;
			remoteInfo = SQLiteORM.Swift;
		};
/* End PBXContainerItemProxy section */

/* Begin PBXFileReference section */
		E9037C8626DEA714009412E2 /* libsqlite3.tbd */ = {isa = PBXFileReference; lastKnownFileType = "sourcecode.text-based-dylib-definition"; name = libsqlite3.tbd; path = usr/lib/libsqlite3.tbd; sourceTree = SDKROOT; };
		E905C24026EF0CE300BD2F23 /* SQLiteOrmSwift */ = {isa = PBXFileReference; lastKnownFileType = folder; name = SQLiteOrmSwift; path = .; sourceTree = "<group>"; };
		E947206026E5DA0900B1F164 /* SQLiteORM.Swift.xctestplan */ = {isa = PBXFileReference; lastKnownFileType = text; path = SQLiteORM.Swift.xctestplan; sourceTree = "<group>"; };
		E962CFB426E5396000E9CCDC /* UnitTests.xctest */ = {isa = PBXFileReference; explicitFileType = wrapper.cfbundle; includeInIndex = 0; path = UnitTests.xctest; sourceTree = BUILT_PRODUCTS_DIR; };
		E9B91FF726E5D8860002ADE3 /* libSqliteOrmSwift.a */ = {isa = PBXFileReference; explicitFileType = archive.ar; includeInIndex = 0; path = libSqliteOrmSwift.a; sourceTree = BUILT_PRODUCTS_DIR; };
/* End PBXFileReference section */

/* Begin PBXFrameworksBuildPhase section */
		E962CFB126E5396000E9CCDC /* Frameworks */ = {
			isa = PBXFrameworksBuildPhase;
			buildActionMask = 2147483647;
			files = (
				E947206326E5DF3200B1F164 /* libSqliteOrmSwift.a in Frameworks */,
			);
			runOnlyForDeploymentPostprocessing = 0;
		};
		E9B91FF526E5D8860002ADE3 /* Frameworks */ = {
			isa = PBXFrameworksBuildPhase;
			buildActionMask = 2147483647;
			files = (
			);
			runOnlyForDeploymentPostprocessing = 0;
		};
/* End PBXFrameworksBuildPhase section */

/* Begin PBXGroup section */
		E9037C6726DEA0D5009412E2 = {
			isa = PBXGroup;
			children = (
				E905C24026EF0CE300BD2F23 /* SQLiteOrmSwift */,
				E947206026E5DA0900B1F164 /* SQLiteORM.Swift.xctestplan */,
				E9037C7126DEA0D5009412E2 /* Products */,
				E9037C8526DEA713009412E2 /* Frameworks */,
			);
			sourceTree = "<group>";
		};
		E9037C7126DEA0D5009412E2 /* Products */ = {
			isa = PBXGroup;
			children = (
				E962CFB426E5396000E9CCDC /* UnitTests.xctest */,
				E9B91FF726E5D8860002ADE3 /* libSqliteOrmSwift.a */,
			);
			name = Products;
			sourceTree = "<group>";
		};
		E9037C8526DEA713009412E2 /* Frameworks */ = {
			isa = PBXGroup;
			children = (
				E9037C8626DEA714009412E2 /* libsqlite3.tbd */,
			);
			name = Frameworks;
			sourceTree = "<group>";
		};
/* End PBXGroup section */

/* Begin PBXHeadersBuildPhase section */
		E9B91FF326E5D8860002ADE3 /* Headers */ = {
			isa = PBXHeadersBuildPhase;
			buildActionMask = 2147483647;
			files = (
			);
			runOnlyForDeploymentPostprocessing = 0;
		};
/* End PBXHeadersBuildPhase section */

/* Begin PBXNativeTarget section */
		E962CFB326E5396000E9CCDC /* UnitTests */ = {
			isa = PBXNativeTarget;
			buildConfigurationList = E962CFB926E5396100E9CCDC /* Build configuration list for PBXNativeTarget "UnitTests" */;
			buildPhases = (
				E962CFB026E5396000E9CCDC /* Sources */,
				E962CFB126E5396000E9CCDC /* Frameworks */,
				E962CFB226E5396000E9CCDC /* Resources */,
			);
			buildRules = (
			);
			dependencies = (
				E947206526E5DF4000B1F164 /* PBXTargetDependency */,
			);
			name = UnitTests;
			productName = UnitTests;
			productReference = E962CFB426E5396000E9CCDC /* UnitTests.xctest */;
			productType = "com.apple.product-type.bundle.unit-test";
		};
		E9B91FF626E5D8860002ADE3 /* SqliteOrmSwift */ = {
			isa = PBXNativeTarget;
			buildConfigurationList = E9B91FFF26E5D8860002ADE3 /* Build configuration list for PBXNativeTarget "SqliteOrmSwift" */;
			buildPhases = (
				E9B91FF326E5D8860002ADE3 /* Headers */,
				E9B91FF426E5D8860002ADE3 /* Sources */,
				E9B91FF526E5D8860002ADE3 /* Frameworks */,
			);
			buildRules = (
			);
			dependencies = (
			);
			name = SqliteOrmSwift;
			productName = SQLitORM.Swift;
			productReference = E9B91FF726E5D8860002ADE3 /* libSqliteOrmSwift.a */;
			productType = "com.apple.product-type.library.static";
		};
/* End PBXNativeTarget section */

/* Begin PBXProject section */
		E9037C6826DEA0D5009412E2 /* Project object */ = {
			isa = PBXProject;
			attributes = {
				LastSwiftUpdateCheck = 1250;
				LastUpgradeCheck = 1250;
				TargetAttributes = {
					E962CFB326E5396000E9CCDC = {
						CreatedOnToolsVersion = 12.5.1;
					};
					E9B91FF626E5D8860002ADE3 = {
						CreatedOnToolsVersion = 12.5.1;
					};
				};
			};
			buildConfigurationList = E9037C6B26DEA0D5009412E2 /* Build configuration list for PBXProject "SQLiteORM.Swift" */;
			compatibilityVersion = "Xcode 9.3";
			developmentRegion = en;
			hasScannedForEncodings = 0;
			knownRegions = (
				en,
				Base,
			);
			mainGroup = E9037C6726DEA0D5009412E2;
			productRefGroup = E9037C7126DEA0D5009412E2 /* Products */;
			projectDirPath = "";
			projectRoot = "";
			targets = (
				E962CFB326E5396000E9CCDC /* UnitTests */,
				E9B91FF626E5D8860002ADE3 /* SqliteOrmSwift */,
			);
		};
/* End PBXProject section */

/* Begin PBXResourcesBuildPhase section */
		E962CFB226E5396000E9CCDC /* Resources */ = {
			isa = PBXResourcesBuildPhase;
			buildActionMask = 2147483647;
			files = (
			);
			runOnlyForDeploymentPostprocessing = 0;
		};
/* End PBXResourcesBuildPhase section */

/* Begin PBXSourcesBuildPhase section */
		E962CFB026E5396000E9CCDC /* Sources */ = {
			isa = PBXSourcesBuildPhase;
			buildActionMask = 2147483647;
			files = (
			);
			runOnlyForDeploymentPostprocessing = 0;
		};
		E9B91FF426E5D8860002ADE3 /* Sources */ = {
			isa = PBXSourcesBuildPhase;
			buildActionMask = 2147483647;
			files = (
			);
			runOnlyForDeploymentPostprocessing = 0;
		};
/* End PBXSourcesBuildPhase section */

/* Begin PBXTargetDependency section */
		E947206526E5DF4000B1F164 /* PBXTargetDependency */ = {
			isa = PBXTargetDependency;
			target = E9B91FF626E5D8860002ADE3 /* SqliteOrmSwift */;
			targetProxy = E947206426E5DF4000B1F164 /* PBXContainerItemProxy */;
		};
/* End PBXTargetDependency section */

/* Begin XCBuildConfiguration section */
		E9037C7526DEA0D5009412E2 /* Debug */ = {
			isa = XCBuildConfiguration;
			buildSettings = {
				ALWAYS_SEARCH_USER_PATHS = NO;
				CLANG_ANALYZER_NONNULL = YES;
				CLANG_ANALYZER_NUMBER_OBJECT_CONVERSION = YES_AGGRESSIVE;
				CLANG_CXX_LANGUAGE_STANDARD = "gnu++14";
				CLANG_CXX_LIBRARY = "libc++";
				CLANG_ENABLE_MODULES = YES;
				CLANG_ENABLE_OBJC_ARC = YES;
				CLANG_ENABLE_OBJC_WEAK = YES;
				CLANG_WARN_BLOCK_CAPTURE_AUTORELEASING = YES;
				CLANG_WARN_BOOL_CONVERSION = YES;
				CLANG_WARN_COMMA = YES;
				CLANG_WARN_CONSTANT_CONVERSION = YES;
				CLANG_WARN_DEPRECATED_OBJC_IMPLEMENTATIONS = YES;
				CLANG_WARN_DIRECT_OBJC_ISA_USAGE = YES_ERROR;
				CLANG_WARN_DOCUMENTATION_COMMENTS = YES;
				CLANG_WARN_EMPTY_BODY = YES;
				CLANG_WARN_ENUM_CONVERSION = YES;
				CLANG_WARN_INFINITE_RECURSION = YES;
				CLANG_WARN_INT_CONVERSION = YES;
				CLANG_WARN_NON_LITERAL_NULL_CONVERSION = YES;
				CLANG_WARN_OBJC_IMPLICIT_RETAIN_SELF = YES;
				CLANG_WARN_OBJC_LITERAL_CONVERSION = YES;
				CLANG_WARN_OBJC_ROOT_CLASS = YES_ERROR;
				CLANG_WARN_QUOTED_INCLUDE_IN_FRAMEWORK_HEADER = YES;
				CLANG_WARN_RANGE_LOOP_ANALYSIS = YES;
				CLANG_WARN_STRICT_PROTOTYPES = YES;
				CLANG_WARN_SUSPICIOUS_MOVE = YES;
				CLANG_WARN_UNGUARDED_AVAILABILITY = YES_AGGRESSIVE;
				CLANG_WARN_UNREACHABLE_CODE = YES;
				CLANG_WARN__DUPLICATE_METHOD_MATCH = YES;
				COPY_PHASE_STRIP = NO;
				DEBUG_INFORMATION_FORMAT = dwarf;
				ENABLE_STRICT_OBJC_MSGSEND = YES;
				ENABLE_TESTABILITY = YES;
				GCC_C_LANGUAGE_STANDARD = gnu11;
				GCC_DYNAMIC_NO_PIC = NO;
				GCC_NO_COMMON_BLOCKS = YES;
				GCC_OPTIMIZATION_LEVEL = 0;
				GCC_PREPROCESSOR_DEFINITIONS = (
					"DEBUG=1",
					"$(inherited)",
				);
				GCC_WARN_64_TO_32_BIT_CONVERSION = YES;
				GCC_WARN_ABOUT_RETURN_TYPE = YES_ERROR;
				GCC_WARN_UNDECLARED_SELECTOR = YES;
				GCC_WARN_UNINITIALIZED_AUTOS = YES_AGGRESSIVE;
				GCC_WARN_UNUSED_FUNCTION = YES;
				GCC_WARN_UNUSED_VARIABLE = YES;
				MACOSX_DEPLOYMENT_TARGET = 11.3;
				MTL_ENABLE_DEBUG_INFO = INCLUDE_SOURCE;
				MTL_FAST_MATH = YES;
				ONLY_ACTIVE_ARCH = YES;
				SDKROOT = macosx;
				SWIFT_ACTIVE_COMPILATION_CONDITIONS = DEBUG;
				SWIFT_OPTIMIZATION_LEVEL = "-Onone";
			};
			name = Debug;
		};
		E9037C7626DEA0D5009412E2 /* Release */ = {
			isa = XCBuildConfiguration;
			buildSettings = {
				ALWAYS_SEARCH_USER_PATHS = NO;
				CLANG_ANALYZER_NONNULL = YES;
				CLANG_ANALYZER_NUMBER_OBJECT_CONVERSION = YES_AGGRESSIVE;
				CLANG_CXX_LANGUAGE_STANDARD = "gnu++14";
				CLANG_CXX_LIBRARY = "libc++";
				CLANG_ENABLE_MODULES = YES;
				CLANG_ENABLE_OBJC_ARC = YES;
				CLANG_ENABLE_OBJC_WEAK = YES;
				CLANG_WARN_BLOCK_CAPTURE_AUTORELEASING = YES;
				CLANG_WARN_BOOL_CONVERSION = YES;
				CLANG_WARN_COMMA = YES;
				CLANG_WARN_CONSTANT_CONVERSION = YES;
				CLANG_WARN_DEPRECATED_OBJC_IMPLEMENTATIONS = YES;
				CLANG_WARN_DIRECT_OBJC_ISA_USAGE = YES_ERROR;
				CLANG_WARN_DOCUMENTATION_COMMENTS = YES;
				CLANG_WARN_EMPTY_BODY = YES;
				CLANG_WARN_ENUM_CONVERSION = YES;
				CLANG_WARN_INFINITE_RECURSION = YES;
				CLANG_WARN_INT_CONVERSION = YES;
				CLANG_WARN_NON_LITERAL_NULL_CONVERSION = YES;
				CLANG_WARN_OBJC_IMPLICIT_RETAIN_SELF = YES;
				CLANG_WARN_OBJC_LITERAL_CONVERSION = YES;
				CLANG_WARN_OBJC_ROOT_CLASS = YES_ERROR;
				CLANG_WARN_QUOTED_INCLUDE_IN_FRAMEWORK_HEADER = YES;
				CLANG_WARN_RANGE_LOOP_ANALYSIS = YES;
				CLANG_WARN_STRICT_PROTOTYPES = YES;
				CLANG_WARN_SUSPICIOUS_MOVE = YES;
				CLANG_WARN_UNGUARDED_AVAILABILITY = YES_AGGRESSIVE;
				CLANG_WARN_UNREACHABLE_CODE = YES;
				CLANG_WARN__DUPLICATE_METHOD_MATCH = YES;
				COPY_PHASE_STRIP = NO;
				DEBUG_INFORMATION_FORMAT = "dwarf-with-dsym";
				ENABLE_NS_ASSERTIONS = NO;
				ENABLE_STRICT_OBJC_MSGSEND = YES;
				GCC_C_LANGUAGE_STANDARD = gnu11;
				GCC_NO_COMMON_BLOCKS = YES;
				GCC_WARN_64_TO_32_BIT_CONVERSION = YES;
				GCC_WARN_ABOUT_RETURN_TYPE = YES_ERROR;
				GCC_WARN_UNDECLARED_SELECTOR = YES;
				GCC_WARN_UNINITIALIZED_AUTOS = YES_AGGRESSIVE;
				GCC_WARN_UNUSED_FUNCTION = YES;
				GCC_WARN_UNUSED_VARIABLE = YES;
				MACOSX_DEPLOYMENT_TARGET = 11.3;
				MTL_ENABLE_DEBUG_INFO = NO;
				MTL_FAST_MATH = YES;
				SDKROOT = macosx;
				SWIFT_COMPILATION_MODE = wholemodule;
				SWIFT_OPTIMIZATION_LEVEL = "-O";
			};
			name = Release;
		};
		E962CFBA26E5396100E9CCDC /* Debug */ = {
			isa = XCBuildConfiguration;
			buildSettings = {
				CODE_SIGN_STYLE = Automatic;
				COMBINE_HIDPI_IMAGES = YES;
				DEVELOPMENT_TEAM = QDTPG5DB79;
				INFOPLIST_FILE = UnitTests/Info.plist;
				LD_RUNPATH_SEARCH_PATHS = (
					"$(inherited)",
					"@executable_path/../Frameworks",
					"@loader_path/../Frameworks",
				);
				PRODUCT_BUNDLE_IDENTIFIER = kz.outlawstudio.UnitTests;
				PRODUCT_NAME = "$(TARGET_NAME)";
				SWIFT_VERSION = 5.3.2;
			};
			name = Debug;
		};
		E962CFBB26E5396100E9CCDC /* Release */ = {
			isa = XCBuildConfiguration;
			buildSettings = {
				CODE_SIGN_STYLE = Automatic;
				COMBINE_HIDPI_IMAGES = YES;
				DEVELOPMENT_TEAM = QDTPG5DB79;
				INFOPLIST_FILE = UnitTests/Info.plist;
				LD_RUNPATH_SEARCH_PATHS = (
					"$(inherited)",
					"@executable_path/../Frameworks",
					"@loader_path/../Frameworks",
				);
				PRODUCT_BUNDLE_IDENTIFIER = kz.outlawstudio.UnitTests;
				PRODUCT_NAME = "$(TARGET_NAME)";
				SWIFT_VERSION = 5.3.2;
			};
			name = Release;
		};
		E9B91FFD26E5D8860002ADE3 /* Debug */ = {
			isa = XCBuildConfiguration;
			buildSettings = {
				CODE_SIGN_STYLE = Automatic;
				DEVELOPMENT_TEAM = QDTPG5DB79;
				EXECUTABLE_PREFIX = lib;
				PRODUCT_NAME = "$(TARGET_NAME)";
				SKIP_INSTALL = YES;
				SWIFT_VERSION = 5.3.2;
			};
			name = Debug;
		};
		E9B91FFE26E5D8860002ADE3 /* Release */ = {
			isa = XCBuildConfiguration;
			buildSettings = {
				CODE_SIGN_STYLE = Automatic;
				DEVELOPMENT_TEAM = QDTPG5DB79;
				EXECUTABLE_PREFIX = lib;
				PRODUCT_NAME = "$(TARGET_NAME)";
				SKIP_INSTALL = YES;
				SWIFT_VERSION = 5.3.2;
			};
			name = Release;
		};
/* End XCBuildConfiguration section */

/* Begin XCConfigurationList section */
		E9037C6B26DEA0D5009412E2 /* Build configuration list for PBXProject "SQLiteORM.Swift" */ = {
			isa = XCConfigurationList;
			buildConfigurations = (
				E9037C7526DEA0D5009412E2 /* Debug */,
				E9037C7626DEA0D5009412E2 /* Release */,
			);
			defaultConfigurationIsVisible = 0;
			defaultConfigurationName = Release;
		};
		E962CFB926E5396100E9CCDC /* Build configuration list for PBXNativeTarget "UnitTests" */ = {
			isa = XCConfigurationList;
			buildConfigurations = (
				E962CFBA26E5396100E9CCDC /* Debug */,
				E962CFBB26E5396100E9CCDC /* Release */,
			);
			defaultConfigurationIsVisible = 0;
			defaultConfigurationName = Release;
		};
		E9B91FFF26E5D8860002ADE3 /* Build configuration list for PBXNativeTarget "SqliteOrmSwift" */ = {
			isa = XCConfigurationList;
			buildConfigurations = (
				E9B91FFD26E5D8860002ADE3 /* Debug */,
				E9B91FFE26E5D8860002ADE3 /* Release */,
			);
			defaultConfigurationIsVisible = 0;
			defaultConfigurationName = Release;
		};
/* End XCConfigurationList section */
	};
	rootObject = E9037C6826DEA0D5009412E2 /* Project object */;
}
