// !$*UTF8*$!
{
	archiveVersion = 1;
	classes = {
	};
	objectVersion = 50;
	objects = {

/* Begin PBXBuildFile section */
		E905C23526EE631E00BD2F23 /* SQLiteApiProviderMock.swift in Sources */ = {isa = PBXBuildFile; fileRef = E905C23426EE631E00BD2F23 /* SQLiteApiProviderMock.swift */; };
		E905C23726EE64D400BD2F23 /* SQLiteValueTests.swift in Sources */ = {isa = PBXBuildFile; fileRef = E905C23626EE64D400BD2F23 /* SQLiteValueTests.swift */; };
		E905C23926EE675400BD2F23 /* SQLiteApiProviderCallType.swift in Sources */ = {isa = PBXBuildFile; fileRef = E905C23826EE675400BD2F23 /* SQLiteApiProviderCallType.swift */; };
		E905C23B26EE6C7800BD2F23 /* SQLiteApiProviderCall.swift in Sources */ = {isa = PBXBuildFile; fileRef = E905C23A26EE6C7800BD2F23 /* SQLiteApiProviderCall.swift */; };
		E905C23D26EE6EF600BD2F23 /* StatementTests.swift in Sources */ = {isa = PBXBuildFile; fileRef = E905C23C26EE6EF600BD2F23 /* StatementTests.swift */; };
		E905C23F26EE844500BD2F23 /* StatementTestable.swift in Sources */ = {isa = PBXBuildFile; fileRef = E905C23E26EE844500BD2F23 /* StatementTestable.swift */; };
		E947206326E5DF3200B1F164 /* libSQLiteORM.Swift.a in Frameworks */ = {isa = PBXBuildFile; fileRef = E9B91FF726E5D8860002ADE3 /* libSQLiteORM.Swift.a */; };
		E947206726E5DFE800B1F164 /* SerializeTests.swift in Sources */ = {isa = PBXBuildFile; fileRef = E947206626E5DFE800B1F164 /* SerializeTests.swift */; };
		E947206926E5E0E500B1F164 /* SQLiteValue.swift in Sources */ = {isa = PBXBuildFile; fileRef = E947206826E5E0E500B1F164 /* SQLiteValue.swift */; };
		E976010226E6589000938630 /* StorageTests.swift in Sources */ = {isa = PBXBuildFile; fileRef = E976010126E6589000938630 /* StorageTests.swift */; };
		E976010426E65A1300938630 /* Error.swift in Sources */ = {isa = PBXBuildFile; fileRef = E976010326E65A1300938630 /* Error.swift */; };
		E976010626E65B6E00938630 /* SQLiteApiProvider.swift in Sources */ = {isa = PBXBuildFile; fileRef = E976010526E65B6E00938630 /* SQLiteApiProvider.swift */; };
		E976010826E6711A00938630 /* Order.swift in Sources */ = {isa = PBXBuildFile; fileRef = E976010726E6711A00938630 /* Order.swift */; };
		E976010A26E6713100938630 /* ConflictClause.swift in Sources */ = {isa = PBXBuildFile; fileRef = E976010926E6713100938630 /* ConflictClause.swift */; };
		E976010C26E673C200938630 /* ColumnConstraintsTests.swift in Sources */ = {isa = PBXBuildFile; fileRef = E976010B26E673C200938630 /* ColumnConstraintsTests.swift */; };
		E9B9200026E5D8AC0002ADE3 /* AnyColumn.swift in Sources */ = {isa = PBXBuildFile; fileRef = E9037C7A26DEA525009412E2 /* AnyColumn.swift */; };
		E9B9200126E5D8AF0002ADE3 /* Column.swift in Sources */ = {isa = PBXBuildFile; fileRef = E9037C7D26DEA546009412E2 /* Column.swift */; };
		E9B9200226E5D8B10002ADE3 /* AnyTable.swift in Sources */ = {isa = PBXBuildFile; fileRef = E9037C7F26DEA560009412E2 /* AnyTable.swift */; };
		E9B9200326E5D8B20002ADE3 /* Table.swift in Sources */ = {isa = PBXBuildFile; fileRef = E9037C8126DEA57C009412E2 /* Table.swift */; };
		E9B9200426E5D8B40002ADE3 /* Storage.swift in Sources */ = {isa = PBXBuildFile; fileRef = E9037C8326DEA5AC009412E2 /* Storage.swift */; };
		E9B9200526E5D8B50002ADE3 /* TableInfo.swift in Sources */ = {isa = PBXBuildFile; fileRef = E962CFA226E496BD00E9CCDC /* TableInfo.swift */; };
		E9B9200626E5D8B70002ADE3 /* StatementSerializator.swift in Sources */ = {isa = PBXBuildFile; fileRef = E962CFA426E4BB4500E9CCDC /* StatementSerializator.swift */; };
		E9B9200726E5D8B80002ADE3 /* SyncSchemaResult.swift in Sources */ = {isa = PBXBuildFile; fileRef = E962CFA626E4CD3800E9CCDC /* SyncSchemaResult.swift */; };
		E9B9200826E5D8B90002ADE3 /* ConnectionHolder.swift in Sources */ = {isa = PBXBuildFile; fileRef = E962CFA826E4D71E00E9CCDC /* ConnectionHolder.swift */; };
		E9B9200926E5D8BB0002ADE3 /* ConnectionRef.swift in Sources */ = {isa = PBXBuildFile; fileRef = E962CFAA26E4E54500E9CCDC /* ConnectionRef.swift */; };
		E9B9200A26E5D8BC0002ADE3 /* Statement.swift in Sources */ = {isa = PBXBuildFile; fileRef = E962CFAC26E4EB5A00E9CCDC /* Statement.swift */; };
		E9B9200B26E5D8BD0002ADE3 /* ColumnConstraint.swift in Sources */ = {isa = PBXBuildFile; fileRef = E962CFAE26E4F9FA00E9CCDC /* ColumnConstraint.swift */; };
/* End PBXBuildFile section */

/* Begin PBXContainerItemProxy section */
		E947206426E5DF4000B1F164 /* PBXContainerItemProxy */ = {
			isa = PBXContainerItemProxy;
			containerPortal = E9037C6826DEA0D5009412E2 /* Project object */;
			proxyType = 1;
			remoteGlobalIDString = E9B91FF626E5D8860002ADE3;
			remoteInfo = SQLiteORM.Swift;
		};
/* End PBXContainerItemProxy section */

/* Begin PBXFileReference section */
		E9037C7A26DEA525009412E2 /* AnyColumn.swift */ = {isa = PBXFileReference; lastKnownFileType = sourcecode.swift; path = AnyColumn.swift; sourceTree = "<group>"; };
		E9037C7D26DEA546009412E2 /* Column.swift */ = {isa = PBXFileReference; lastKnownFileType = sourcecode.swift; path = Column.swift; sourceTree = "<group>"; };
		E9037C7F26DEA560009412E2 /* AnyTable.swift */ = {isa = PBXFileReference; lastKnownFileType = sourcecode.swift; path = AnyTable.swift; sourceTree = "<group>"; };
		E9037C8126DEA57C009412E2 /* Table.swift */ = {isa = PBXFileReference; lastKnownFileType = sourcecode.swift; path = Table.swift; sourceTree = "<group>"; };
		E9037C8326DEA5AC009412E2 /* Storage.swift */ = {isa = PBXFileReference; lastKnownFileType = sourcecode.swift; path = Storage.swift; sourceTree = "<group>"; };
		E9037C8626DEA714009412E2 /* libsqlite3.tbd */ = {isa = PBXFileReference; lastKnownFileType = "sourcecode.text-based-dylib-definition"; name = libsqlite3.tbd; path = usr/lib/libsqlite3.tbd; sourceTree = SDKROOT; };
		E905C23426EE631E00BD2F23 /* SQLiteApiProviderMock.swift */ = {isa = PBXFileReference; lastKnownFileType = sourcecode.swift; path = SQLiteApiProviderMock.swift; sourceTree = "<group>"; };
		E905C23626EE64D400BD2F23 /* SQLiteValueTests.swift */ = {isa = PBXFileReference; lastKnownFileType = sourcecode.swift; path = SQLiteValueTests.swift; sourceTree = "<group>"; };
		E905C23826EE675400BD2F23 /* SQLiteApiProviderCallType.swift */ = {isa = PBXFileReference; lastKnownFileType = sourcecode.swift; path = SQLiteApiProviderCallType.swift; sourceTree = "<group>"; };
		E905C23A26EE6C7800BD2F23 /* SQLiteApiProviderCall.swift */ = {isa = PBXFileReference; lastKnownFileType = sourcecode.swift; path = SQLiteApiProviderCall.swift; sourceTree = "<group>"; };
		E905C23C26EE6EF600BD2F23 /* StatementTests.swift */ = {isa = PBXFileReference; lastKnownFileType = sourcecode.swift; path = StatementTests.swift; sourceTree = "<group>"; };
		E905C23E26EE844500BD2F23 /* StatementTestable.swift */ = {isa = PBXFileReference; lastKnownFileType = sourcecode.swift; path = StatementTestable.swift; sourceTree = "<group>"; };
		E947206026E5DA0900B1F164 /* SQLiteORM.Swift.xctestplan */ = {isa = PBXFileReference; lastKnownFileType = text; path = SQLiteORM.Swift.xctestplan; sourceTree = "<group>"; };
		E947206626E5DFE800B1F164 /* SerializeTests.swift */ = {isa = PBXFileReference; lastKnownFileType = sourcecode.swift; path = SerializeTests.swift; sourceTree = "<group>"; };
		E947206826E5E0E500B1F164 /* SQLiteValue.swift */ = {isa = PBXFileReference; lastKnownFileType = sourcecode.swift; path = SQLiteValue.swift; sourceTree = "<group>"; };
		E962CFA226E496BD00E9CCDC /* TableInfo.swift */ = {isa = PBXFileReference; lastKnownFileType = sourcecode.swift; path = TableInfo.swift; sourceTree = "<group>"; };
		E962CFA426E4BB4500E9CCDC /* StatementSerializator.swift */ = {isa = PBXFileReference; lastKnownFileType = sourcecode.swift; path = StatementSerializator.swift; sourceTree = "<group>"; };
		E962CFA626E4CD3800E9CCDC /* SyncSchemaResult.swift */ = {isa = PBXFileReference; lastKnownFileType = sourcecode.swift; path = SyncSchemaResult.swift; sourceTree = "<group>"; };
		E962CFA826E4D71E00E9CCDC /* ConnectionHolder.swift */ = {isa = PBXFileReference; lastKnownFileType = sourcecode.swift; path = ConnectionHolder.swift; sourceTree = "<group>"; };
		E962CFAA26E4E54500E9CCDC /* ConnectionRef.swift */ = {isa = PBXFileReference; lastKnownFileType = sourcecode.swift; path = ConnectionRef.swift; sourceTree = "<group>"; };
		E962CFAC26E4EB5A00E9CCDC /* Statement.swift */ = {isa = PBXFileReference; lastKnownFileType = sourcecode.swift; path = Statement.swift; sourceTree = "<group>"; };
		E962CFAE26E4F9FA00E9CCDC /* ColumnConstraint.swift */ = {isa = PBXFileReference; lastKnownFileType = sourcecode.swift; path = ColumnConstraint.swift; sourceTree = "<group>"; };
		E962CFB426E5396000E9CCDC /* UnitTests.xctest */ = {isa = PBXFileReference; explicitFileType = wrapper.cfbundle; includeInIndex = 0; path = UnitTests.xctest; sourceTree = BUILT_PRODUCTS_DIR; };
		E962CFB826E5396100E9CCDC /* Info.plist */ = {isa = PBXFileReference; lastKnownFileType = text.plist.xml; path = Info.plist; sourceTree = "<group>"; };
		E976010126E6589000938630 /* StorageTests.swift */ = {isa = PBXFileReference; lastKnownFileType = sourcecode.swift; path = StorageTests.swift; sourceTree = "<group>"; };
		E976010326E65A1300938630 /* Error.swift */ = {isa = PBXFileReference; lastKnownFileType = sourcecode.swift; path = Error.swift; sourceTree = "<group>"; };
		E976010526E65B6E00938630 /* SQLiteApiProvider.swift */ = {isa = PBXFileReference; lastKnownFileType = sourcecode.swift; path = SQLiteApiProvider.swift; sourceTree = "<group>"; };
		E976010726E6711A00938630 /* Order.swift */ = {isa = PBXFileReference; lastKnownFileType = sourcecode.swift; path = Order.swift; sourceTree = "<group>"; };
		E976010926E6713100938630 /* ConflictClause.swift */ = {isa = PBXFileReference; lastKnownFileType = sourcecode.swift; path = ConflictClause.swift; sourceTree = "<group>"; };
		E976010B26E673C200938630 /* ColumnConstraintsTests.swift */ = {isa = PBXFileReference; lastKnownFileType = sourcecode.swift; path = ColumnConstraintsTests.swift; sourceTree = "<group>"; };
		E9B91FF726E5D8860002ADE3 /* libSQLiteORM.Swift.a */ = {isa = PBXFileReference; explicitFileType = archive.ar; includeInIndex = 0; path = libSQLiteORM.Swift.a; sourceTree = BUILT_PRODUCTS_DIR; };
/* End PBXFileReference section */

/* Begin PBXFrameworksBuildPhase section */
		E962CFB126E5396000E9CCDC /* Frameworks */ = {
			isa = PBXFrameworksBuildPhase;
			buildActionMask = 2147483647;
			files = (
				E947206326E5DF3200B1F164 /* libSQLiteORM.Swift.a in Frameworks */,
			);
			runOnlyForDeploymentPostprocessing = 0;
		};
		E9B91FF526E5D8860002ADE3 /* Frameworks */ = {
			isa = PBXFrameworksBuildPhase;
			buildActionMask = 2147483647;
			files = (
			);
			runOnlyForDeploymentPostprocessing = 0;
		};
/* End PBXFrameworksBuildPhase section */

/* Begin PBXGroup section */
		E9037C6726DEA0D5009412E2 = {
			isa = PBXGroup;
			children = (
				E947206026E5DA0900B1F164 /* SQLiteORM.Swift.xctestplan */,
				E9037C7226DEA0D5009412E2 /* SQLiteORM.Swift */,
				E962CFB526E5396000E9CCDC /* UnitTests */,
				E9B91FF826E5D8860002ADE3 /* SQLitORM.Swift */,
				E9037C7126DEA0D5009412E2 /* Products */,
				E9037C8526DEA713009412E2 /* Frameworks */,
			);
			sourceTree = "<group>";
		};
		E9037C7126DEA0D5009412E2 /* Products */ = {
			isa = PBXGroup;
			children = (
				E962CFB426E5396000E9CCDC /* UnitTests.xctest */,
				E9B91FF726E5D8860002ADE3 /* libSQLiteORM.Swift.a */,
			);
			name = Products;
			sourceTree = "<group>";
		};
		E9037C7226DEA0D5009412E2 /* SQLiteORM.Swift */ = {
			isa = PBXGroup;
			children = (
				E9037C7C26DEA538009412E2 /* SQLiteORM */,
			);
			path = SQLiteORM.Swift;
			sourceTree = "<group>";
		};
		E9037C7C26DEA538009412E2 /* SQLiteORM */ = {
			isa = PBXGroup;
			children = (
				E9037C8326DEA5AC009412E2 /* Storage.swift */,
				E9037C7A26DEA525009412E2 /* AnyColumn.swift */,
				E9037C7D26DEA546009412E2 /* Column.swift */,
				E9037C7F26DEA560009412E2 /* AnyTable.swift */,
				E9037C8126DEA57C009412E2 /* Table.swift */,
				E962CFA226E496BD00E9CCDC /* TableInfo.swift */,
				E962CFA426E4BB4500E9CCDC /* StatementSerializator.swift */,
				E962CFA626E4CD3800E9CCDC /* SyncSchemaResult.swift */,
				E962CFA826E4D71E00E9CCDC /* ConnectionHolder.swift */,
				E962CFAA26E4E54500E9CCDC /* ConnectionRef.swift */,
				E962CFAC26E4EB5A00E9CCDC /* Statement.swift */,
				E962CFAE26E4F9FA00E9CCDC /* ColumnConstraint.swift */,
				E976010926E6713100938630 /* ConflictClause.swift */,
				E976010726E6711A00938630 /* Order.swift */,
				E947206826E5E0E500B1F164 /* SQLiteValue.swift */,
				E976010326E65A1300938630 /* Error.swift */,
				E976010526E65B6E00938630 /* SQLiteApiProvider.swift */,
			);
			path = SQLiteORM;
			sourceTree = "<group>";
		};
		E9037C8526DEA713009412E2 /* Frameworks */ = {
			isa = PBXGroup;
			children = (
				E9037C8626DEA714009412E2 /* libsqlite3.tbd */,
			);
			name = Frameworks;
			sourceTree = "<group>";
		};
		E905C23326EE631200BD2F23 /* Mocks */ = {
			isa = PBXGroup;
			children = (
				E905C23426EE631E00BD2F23 /* SQLiteApiProviderMock.swift */,
				E905C23826EE675400BD2F23 /* SQLiteApiProviderCallType.swift */,
				E905C23A26EE6C7800BD2F23 /* SQLiteApiProviderCall.swift */,
				E905C23E26EE844500BD2F23 /* StatementTestable.swift */,
			);
			path = Mocks;
			sourceTree = "<group>";
		};
		E962CFB526E5396000E9CCDC /* UnitTests */ = {
			isa = PBXGroup;
			children = (
				E905C23326EE631200BD2F23 /* Mocks */,
				E962CFB826E5396100E9CCDC /* Info.plist */,
				E947206626E5DFE800B1F164 /* SerializeTests.swift */,
				E976010126E6589000938630 /* StorageTests.swift */,
				E905C23626EE64D400BD2F23 /* SQLiteValueTests.swift */,
				E976010B26E673C200938630 /* ColumnConstraintsTests.swift */,
				E905C23C26EE6EF600BD2F23 /* StatementTests.swift */,
			);
			path = UnitTests;
			sourceTree = "<group>";
		};
		E9B91FF826E5D8860002ADE3 /* SQLitORM.Swift */ = {
			isa = PBXGroup;
			children = (
			);
			path = SQLitORM.Swift;
			sourceTree = "<group>";
		};
/* End PBXGroup section */

/* Begin PBXHeadersBuildPhase section */
		E9B91FF326E5D8860002ADE3 /* Headers */ = {
			isa = PBXHeadersBuildPhase;
			buildActionMask = 2147483647;
			files = (
			);
			runOnlyForDeploymentPostprocessing = 0;
		};
/* End PBXHeadersBuildPhase section */

/* Begin PBXNativeTarget section */
		E962CFB326E5396000E9CCDC /* UnitTests */ = {
			isa = PBXNativeTarget;
			buildConfigurationList = E962CFB926E5396100E9CCDC /* Build configuration list for PBXNativeTarget "UnitTests" */;
			buildPhases = (
				E962CFB026E5396000E9CCDC /* Sources */,
				E962CFB126E5396000E9CCDC /* Frameworks */,
				E962CFB226E5396000E9CCDC /* Resources */,
			);
			buildRules = (
			);
			dependencies = (
				E947206526E5DF4000B1F164 /* PBXTargetDependency */,
			);
			name = UnitTests;
			productName = UnitTests;
			productReference = E962CFB426E5396000E9CCDC /* UnitTests.xctest */;
			productType = "com.apple.product-type.bundle.unit-test";
		};
		E9B91FF626E5D8860002ADE3 /* SQLiteORM.Swift */ = {
			isa = PBXNativeTarget;
			buildConfigurationList = E9B91FFF26E5D8860002ADE3 /* Build configuration list for PBXNativeTarget "SQLiteORM.Swift" */;
			buildPhases = (
				E9B91FF326E5D8860002ADE3 /* Headers */,
				E9B91FF426E5D8860002ADE3 /* Sources */,
				E9B91FF526E5D8860002ADE3 /* Frameworks */,
			);
			buildRules = (
			);
			dependencies = (
			);
			name = SQLiteORM.Swift;
			productName = SQLitORM.Swift;
			productReference = E9B91FF726E5D8860002ADE3 /* libSQLiteORM.Swift.a */;
			productType = "com.apple.product-type.library.static";
		};
/* End PBXNativeTarget section */

/* Begin PBXProject section */
		E9037C6826DEA0D5009412E2 /* Project object */ = {
			isa = PBXProject;
			attributes = {
				LastSwiftUpdateCheck = 1250;
				LastUpgradeCheck = 1250;
				TargetAttributes = {
					E962CFB326E5396000E9CCDC = {
						CreatedOnToolsVersion = 12.5.1;
					};
					E9B91FF626E5D8860002ADE3 = {
						CreatedOnToolsVersion = 12.5.1;
					};
				};
			};
			buildConfigurationList = E9037C6B26DEA0D5009412E2 /* Build configuration list for PBXProject "SQLiteORM.Swift" */;
			compatibilityVersion = "Xcode 9.3";
			developmentRegion = en;
			hasScannedForEncodings = 0;
			knownRegions = (
				en,
				Base,
			);
			mainGroup = E9037C6726DEA0D5009412E2;
			productRefGroup = E9037C7126DEA0D5009412E2 /* Products */;
			projectDirPath = "";
			projectRoot = "";
			targets = (
				E962CFB326E5396000E9CCDC /* UnitTests */,
				E9B91FF626E5D8860002ADE3 /* SQLiteORM.Swift */,
			);
		};
/* End PBXProject section */

/* Begin PBXResourcesBuildPhase section */
		E962CFB226E5396000E9CCDC /* Resources */ = {
			isa = PBXResourcesBuildPhase;
			buildActionMask = 2147483647;
			files = (
			);
			runOnlyForDeploymentPostprocessing = 0;
		};
/* End PBXResourcesBuildPhase section */

/* Begin PBXSourcesBuildPhase section */
		E962CFB026E5396000E9CCDC /* Sources */ = {
			isa = PBXSourcesBuildPhase;
			buildActionMask = 2147483647;
			files = (
				E976010C26E673C200938630 /* ColumnConstraintsTests.swift in Sources */,
				E905C23726EE64D400BD2F23 /* SQLiteValueTests.swift in Sources */,
				E905C23B26EE6C7800BD2F23 /* SQLiteApiProviderCall.swift in Sources */,
				E976010226E6589000938630 /* StorageTests.swift in Sources */,
				E947206726E5DFE800B1F164 /* SerializeTests.swift in Sources */,
				E905C23F26EE844500BD2F23 /* StatementTestable.swift in Sources */,
				E905C23526EE631E00BD2F23 /* SQLiteApiProviderMock.swift in Sources */,
				E905C23926EE675400BD2F23 /* SQLiteApiProviderCallType.swift in Sources */,
				E905C23D26EE6EF600BD2F23 /* StatementTests.swift in Sources */,
			);
			runOnlyForDeploymentPostprocessing = 0;
		};
		E9B91FF426E5D8860002ADE3 /* Sources */ = {
			isa = PBXSourcesBuildPhase;
			buildActionMask = 2147483647;
			files = (
				E9B9200326E5D8B20002ADE3 /* Table.swift in Sources */,
				E9B9200426E5D8B40002ADE3 /* Storage.swift in Sources */,
				E976010826E6711A00938630 /* Order.swift in Sources */,
				E9B9200626E5D8B70002ADE3 /* StatementSerializator.swift in Sources */,
				E9B9200726E5D8B80002ADE3 /* SyncSchemaResult.swift in Sources */,
				E9B9200926E5D8BB0002ADE3 /* ConnectionRef.swift in Sources */,
				E976010A26E6713100938630 /* ConflictClause.swift in Sources */,
				E947206926E5E0E500B1F164 /* SQLiteValue.swift in Sources */,
				E9B9200B26E5D8BD0002ADE3 /* ColumnConstraint.swift in Sources */,
				E9B9200A26E5D8BC0002ADE3 /* Statement.swift in Sources */,
				E9B9200826E5D8B90002ADE3 /* ConnectionHolder.swift in Sources */,
				E9B9200526E5D8B50002ADE3 /* TableInfo.swift in Sources */,
				E976010626E65B6E00938630 /* SQLiteApiProvider.swift in Sources */,
				E9B9200026E5D8AC0002ADE3 /* AnyColumn.swift in Sources */,
				E9B9200226E5D8B10002ADE3 /* AnyTable.swift in Sources */,
				E976010426E65A1300938630 /* Error.swift in Sources */,
				E9B9200126E5D8AF0002ADE3 /* Column.swift in Sources */,
			);
			runOnlyForDeploymentPostprocessing = 0;
		};
/* End PBXSourcesBuildPhase section */

/* Begin PBXTargetDependency section */
		E947206526E5DF4000B1F164 /* PBXTargetDependency */ = {
			isa = PBXTargetDependency;
			target = E9B91FF626E5D8860002ADE3 /* SQLiteORM.Swift */;
			targetProxy = E947206426E5DF4000B1F164 /* PBXContainerItemProxy */;
		};
/* End PBXTargetDependency section */

/* Begin XCBuildConfiguration section */
		E9037C7526DEA0D5009412E2 /* Debug */ = {
			isa = XCBuildConfiguration;
			buildSettings = {
				ALWAYS_SEARCH_USER_PATHS = NO;
				CLANG_ANALYZER_NONNULL = YES;
				CLANG_ANALYZER_NUMBER_OBJECT_CONVERSION = YES_AGGRESSIVE;
				CLANG_CXX_LANGUAGE_STANDARD = "gnu++14";
				CLANG_CXX_LIBRARY = "libc++";
				CLANG_ENABLE_MODULES = YES;
				CLANG_ENABLE_OBJC_ARC = YES;
				CLANG_ENABLE_OBJC_WEAK = YES;
				CLANG_WARN_BLOCK_CAPTURE_AUTORELEASING = YES;
				CLANG_WARN_BOOL_CONVERSION = YES;
				CLANG_WARN_COMMA = YES;
				CLANG_WARN_CONSTANT_CONVERSION = YES;
				CLANG_WARN_DEPRECATED_OBJC_IMPLEMENTATIONS = YES;
				CLANG_WARN_DIRECT_OBJC_ISA_USAGE = YES_ERROR;
				CLANG_WARN_DOCUMENTATION_COMMENTS = YES;
				CLANG_WARN_EMPTY_BODY = YES;
				CLANG_WARN_ENUM_CONVERSION = YES;
				CLANG_WARN_INFINITE_RECURSION = YES;
				CLANG_WARN_INT_CONVERSION = YES;
				CLANG_WARN_NON_LITERAL_NULL_CONVERSION = YES;
				CLANG_WARN_OBJC_IMPLICIT_RETAIN_SELF = YES;
				CLANG_WARN_OBJC_LITERAL_CONVERSION = YES;
				CLANG_WARN_OBJC_ROOT_CLASS = YES_ERROR;
				CLANG_WARN_QUOTED_INCLUDE_IN_FRAMEWORK_HEADER = YES;
				CLANG_WARN_RANGE_LOOP_ANALYSIS = YES;
				CLANG_WARN_STRICT_PROTOTYPES = YES;
				CLANG_WARN_SUSPICIOUS_MOVE = YES;
				CLANG_WARN_UNGUARDED_AVAILABILITY = YES_AGGRESSIVE;
				CLANG_WARN_UNREACHABLE_CODE = YES;
				CLANG_WARN__DUPLICATE_METHOD_MATCH = YES;
				COPY_PHASE_STRIP = NO;
				DEBUG_INFORMATION_FORMAT = dwarf;
				ENABLE_STRICT_OBJC_MSGSEND = YES;
				ENABLE_TESTABILITY = YES;
				GCC_C_LANGUAGE_STANDARD = gnu11;
				GCC_DYNAMIC_NO_PIC = NO;
				GCC_NO_COMMON_BLOCKS = YES;
				GCC_OPTIMIZATION_LEVEL = 0;
				GCC_PREPROCESSOR_DEFINITIONS = (
					"DEBUG=1",
					"$(inherited)",
				);
				GCC_WARN_64_TO_32_BIT_CONVERSION = YES;
				GCC_WARN_ABOUT_RETURN_TYPE = YES_ERROR;
				GCC_WARN_UNDECLARED_SELECTOR = YES;
				GCC_WARN_UNINITIALIZED_AUTOS = YES_AGGRESSIVE;
				GCC_WARN_UNUSED_FUNCTION = YES;
				GCC_WARN_UNUSED_VARIABLE = YES;
				MACOSX_DEPLOYMENT_TARGET = 11.3;
				MTL_ENABLE_DEBUG_INFO = INCLUDE_SOURCE;
				MTL_FAST_MATH = YES;
				ONLY_ACTIVE_ARCH = YES;
				SDKROOT = macosx;
				SWIFT_ACTIVE_COMPILATION_CONDITIONS = DEBUG;
				SWIFT_OPTIMIZATION_LEVEL = "-Onone";
			};
			name = Debug;
		};
		E9037C7626DEA0D5009412E2 /* Release */ = {
			isa = XCBuildConfiguration;
			buildSettings = {
				ALWAYS_SEARCH_USER_PATHS = NO;
				CLANG_ANALYZER_NONNULL = YES;
				CLANG_ANALYZER_NUMBER_OBJECT_CONVERSION = YES_AGGRESSIVE;
				CLANG_CXX_LANGUAGE_STANDARD = "gnu++14";
				CLANG_CXX_LIBRARY = "libc++";
				CLANG_ENABLE_MODULES = YES;
				CLANG_ENABLE_OBJC_ARC = YES;
				CLANG_ENABLE_OBJC_WEAK = YES;
				CLANG_WARN_BLOCK_CAPTURE_AUTORELEASING = YES;
				CLANG_WARN_BOOL_CONVERSION = YES;
				CLANG_WARN_COMMA = YES;
				CLANG_WARN_CONSTANT_CONVERSION = YES;
				CLANG_WARN_DEPRECATED_OBJC_IMPLEMENTATIONS = YES;
				CLANG_WARN_DIRECT_OBJC_ISA_USAGE = YES_ERROR;
				CLANG_WARN_DOCUMENTATION_COMMENTS = YES;
				CLANG_WARN_EMPTY_BODY = YES;
				CLANG_WARN_ENUM_CONVERSION = YES;
				CLANG_WARN_INFINITE_RECURSION = YES;
				CLANG_WARN_INT_CONVERSION = YES;
				CLANG_WARN_NON_LITERAL_NULL_CONVERSION = YES;
				CLANG_WARN_OBJC_IMPLICIT_RETAIN_SELF = YES;
				CLANG_WARN_OBJC_LITERAL_CONVERSION = YES;
				CLANG_WARN_OBJC_ROOT_CLASS = YES_ERROR;
				CLANG_WARN_QUOTED_INCLUDE_IN_FRAMEWORK_HEADER = YES;
				CLANG_WARN_RANGE_LOOP_ANALYSIS = YES;
				CLANG_WARN_STRICT_PROTOTYPES = YES;
				CLANG_WARN_SUSPICIOUS_MOVE = YES;
				CLANG_WARN_UNGUARDED_AVAILABILITY = YES_AGGRESSIVE;
				CLANG_WARN_UNREACHABLE_CODE = YES;
				CLANG_WARN__DUPLICATE_METHOD_MATCH = YES;
				COPY_PHASE_STRIP = NO;
				DEBUG_INFORMATION_FORMAT = "dwarf-with-dsym";
				ENABLE_NS_ASSERTIONS = NO;
				ENABLE_STRICT_OBJC_MSGSEND = YES;
				GCC_C_LANGUAGE_STANDARD = gnu11;
				GCC_NO_COMMON_BLOCKS = YES;
				GCC_WARN_64_TO_32_BIT_CONVERSION = YES;
				GCC_WARN_ABOUT_RETURN_TYPE = YES_ERROR;
				GCC_WARN_UNDECLARED_SELECTOR = YES;
				GCC_WARN_UNINITIALIZED_AUTOS = YES_AGGRESSIVE;
				GCC_WARN_UNUSED_FUNCTION = YES;
				GCC_WARN_UNUSED_VARIABLE = YES;
				MACOSX_DEPLOYMENT_TARGET = 11.3;
				MTL_ENABLE_DEBUG_INFO = NO;
				MTL_FAST_MATH = YES;
				SDKROOT = macosx;
				SWIFT_COMPILATION_MODE = wholemodule;
				SWIFT_OPTIMIZATION_LEVEL = "-O";
			};
			name = Release;
		};
		E962CFBA26E5396100E9CCDC /* Debug */ = {
			isa = XCBuildConfiguration;
			buildSettings = {
				CODE_SIGN_STYLE = Automatic;
				COMBINE_HIDPI_IMAGES = YES;
				DEVELOPMENT_TEAM = QDTPG5DB79;
				INFOPLIST_FILE = UnitTests/Info.plist;
				LD_RUNPATH_SEARCH_PATHS = (
					"$(inherited)",
					"@executable_path/../Frameworks",
					"@loader_path/../Frameworks",
				);
				PRODUCT_BUNDLE_IDENTIFIER = kz.outlawstudio.UnitTests;
				PRODUCT_NAME = "$(TARGET_NAME)";
				SWIFT_VERSION = 5.0;
			};
			name = Debug;
		};
		E962CFBB26E5396100E9CCDC /* Release */ = {
			isa = XCBuildConfiguration;
			buildSettings = {
				CODE_SIGN_STYLE = Automatic;
				COMBINE_HIDPI_IMAGES = YES;
				DEVELOPMENT_TEAM = QDTPG5DB79;
				INFOPLIST_FILE = UnitTests/Info.plist;
				LD_RUNPATH_SEARCH_PATHS = (
					"$(inherited)",
					"@executable_path/../Frameworks",
					"@loader_path/../Frameworks",
				);
				PRODUCT_BUNDLE_IDENTIFIER = kz.outlawstudio.UnitTests;
				PRODUCT_NAME = "$(TARGET_NAME)";
				SWIFT_VERSION = 5.0;
			};
			name = Release;
		};
		E9B91FFD26E5D8860002ADE3 /* Debug */ = {
			isa = XCBuildConfiguration;
			buildSettings = {
				CODE_SIGN_STYLE = Automatic;
				DEVELOPMENT_TEAM = QDTPG5DB79;
				EXECUTABLE_PREFIX = lib;
				PRODUCT_NAME = "$(TARGET_NAME)";
				SKIP_INSTALL = YES;
				SWIFT_VERSION = 5.0;
			};
			name = Debug;
		};
		E9B91FFE26E5D8860002ADE3 /* Release */ = {
			isa = XCBuildConfiguration;
			buildSettings = {
				CODE_SIGN_STYLE = Automatic;
				DEVELOPMENT_TEAM = QDTPG5DB79;
				EXECUTABLE_PREFIX = lib;
				PRODUCT_NAME = "$(TARGET_NAME)";
				SKIP_INSTALL = YES;
				SWIFT_VERSION = 5.0;
			};
			name = Release;
		};
/* End XCBuildConfiguration section */

/* Begin XCConfigurationList section */
		E9037C6B26DEA0D5009412E2 /* Build configuration list for PBXProject "SQLiteORM.Swift" */ = {
			isa = XCConfigurationList;
			buildConfigurations = (
				E9037C7526DEA0D5009412E2 /* Debug */,
				E9037C7626DEA0D5009412E2 /* Release */,
			);
			defaultConfigurationIsVisible = 0;
			defaultConfigurationName = Release;
		};
		E962CFB926E5396100E9CCDC /* Build configuration list for PBXNativeTarget "UnitTests" */ = {
			isa = XCConfigurationList;
			buildConfigurations = (
				E962CFBA26E5396100E9CCDC /* Debug */,
				E962CFBB26E5396100E9CCDC /* Release */,
			);
			defaultConfigurationIsVisible = 0;
			defaultConfigurationName = Release;
		};
		E9B91FFF26E5D8860002ADE3 /* Build configuration list for PBXNativeTarget "SQLiteORM.Swift" */ = {
			isa = XCConfigurationList;
			buildConfigurations = (
				E9B91FFD26E5D8860002ADE3 /* Debug */,
				E9B91FFE26E5D8860002ADE3 /* Release */,
			);
			defaultConfigurationIsVisible = 0;
			defaultConfigurationName = Release;
		};
/* End XCConfigurationList section */
	};
	rootObject = E9037C6826DEA0D5009412E2 /* Project object */;
}
